// !$*UTF8*$!
{
	archiveVersion = 1;
	classes = {
	};
	objectVersion = 42;
	objects = {

/* Begin PBXBuildFile section */
		2407D49F116CE85300E76385 /* BeatCounter.cpp in Sources */ = {isa = PBXBuildFile; fileRef = 2407D497116CE85300E76385 /* BeatCounter.cpp */; };
		2407D4CD116CEE4500E76385 /* juce_AU_Resources.r in Rez */ = {isa = PBXBuildFile; fileRef = 2407D4CB116CEE4500E76385 /* juce_AU_Resources.r */; };
		2407D4CE116CEE4500E76385 /* juce_AU_Wrapper.mm in Sources */ = {isa = PBXBuildFile; fileRef = 2407D4CC116CEE4500E76385 /* juce_AU_Wrapper.mm */; };
		2407D4D1116CEE5C00E76385 /* juce_VST_Wrapper.cpp in Sources */ = {isa = PBXBuildFile; fileRef = 2407D4CF116CEE5C00E76385 /* juce_VST_Wrapper.cpp */; };
		2407D4D2116CEE5C00E76385 /* juce_VST_Wrapper.mm in Sources */ = {isa = PBXBuildFile; fileRef = 2407D4D0116CEE5C00E76385 /* juce_VST_Wrapper.mm */; };
		2407D978116CEF7D00E76385 /* AudioToolbox.framework in Frameworks */ = {isa = PBXBuildFile; fileRef = 2407D96A116CEF7D00E76385 /* AudioToolbox.framework */; };
		2407D979116CEF7D00E76385 /* AudioUnit.framework in Frameworks */ = {isa = PBXBuildFile; fileRef = 2407D96B116CEF7D00E76385 /* AudioUnit.framework */; };
		2407D97A116CEF7D00E76385 /* Carbon.framework in Frameworks */ = {isa = PBXBuildFile; fileRef = 2407D96C116CEF7D00E76385 /* Carbon.framework */; };
		2407D97B116CEF7D00E76385 /* Cocoa.framework in Frameworks */ = {isa = PBXBuildFile; fileRef = 2407D96D116CEF7D00E76385 /* Cocoa.framework */; };
		2407D97C116CEF7D00E76385 /* CoreAudio.framework in Frameworks */ = {isa = PBXBuildFile; fileRef = 2407D96E116CEF7D00E76385 /* CoreAudio.framework */; };
		2407D97D116CEF7D00E76385 /* CoreAudioKit.framework in Frameworks */ = {isa = PBXBuildFile; fileRef = 2407D96F116CEF7D00E76385 /* CoreAudioKit.framework */; };
		2407D97E116CEF7D00E76385 /* CoreMIDI.framework in Frameworks */ = {isa = PBXBuildFile; fileRef = 2407D970116CEF7D00E76385 /* CoreMIDI.framework */; };
		2407D97F116CEF7D00E76385 /* DiscRecording.framework in Frameworks */ = {isa = PBXBuildFile; fileRef = 2407D971116CEF7D00E76385 /* DiscRecording.framework */; };
		2407D980116CEF7D00E76385 /* IOKit.framework in Frameworks */ = {isa = PBXBuildFile; fileRef = 2407D972116CEF7D00E76385 /* IOKit.framework */; };
		2407D981116CEF7D00E76385 /* OpenGL.framework in Frameworks */ = {isa = PBXBuildFile; fileRef = 2407D973116CEF7D00E76385 /* OpenGL.framework */; };
		2407D982116CEF7D00E76385 /* QTKit.framework in Frameworks */ = {isa = PBXBuildFile; fileRef = 2407D974116CEF7D00E76385 /* QTKit.framework */; };
		2407D983116CEF7D00E76385 /* QuartzCore.framework in Frameworks */ = {isa = PBXBuildFile; fileRef = 2407D975116CEF7D00E76385 /* QuartzCore.framework */; };
		2407D984116CEF7D00E76385 /* QuickTime.framework in Frameworks */ = {isa = PBXBuildFile; fileRef = 2407D976116CEF7D00E76385 /* QuickTime.framework */; };
		2407D985116CEF7D00E76385 /* WebKit.framework in Frameworks */ = {isa = PBXBuildFile; fileRef = 2407D977116CEF7D00E76385 /* WebKit.framework */; };
		2407D99E116CF10000E76385 /* JuceLibrarySource.mm in Sources */ = {isa = PBXBuildFile; fileRef = 2407D99D116CF10000E76385 /* JuceLibrarySource.mm */; };
		2407D9CE116CF55E00E76385 /* AUBase.cpp in Sources */ = {isa = PBXBuildFile; fileRef = 2407D3BA116CE69100E76385 /* AUBase.cpp */; };
		2407D9CF116CF55E00E76385 /* AUDispatch.cpp in Sources */ = {isa = PBXBuildFile; fileRef = 2407D3BC116CE69100E76385 /* AUDispatch.cpp */; };
		2407D9D0116CF55E00E76385 /* AUInputElement.cpp in Sources */ = {isa = PBXBuildFile; fileRef = 2407D3BE116CE69100E76385 /* AUInputElement.cpp */; };
		2407D9D1116CF55E00E76385 /* AUOutputElement.cpp in Sources */ = {isa = PBXBuildFile; fileRef = 2407D3C0116CE69100E76385 /* AUOutputElement.cpp */; };
		2407D9D2116CF55E00E76385 /* AUScopeElement.cpp in Sources */ = {isa = PBXBuildFile; fileRef = 2407D3C3116CE69100E76385 /* AUScopeElement.cpp */; };
		2407D9D3116CF55E00E76385 /* ComponentBase.cpp in Sources */ = {isa = PBXBuildFile; fileRef = 2407D3C5116CE69100E76385 /* ComponentBase.cpp */; };
		2407D9D4116CF56700E76385 /* AUCarbonViewBase.cpp in Sources */ = {isa = PBXBuildFile; fileRef = 2407D3C8116CE69100E76385 /* AUCarbonViewBase.cpp */; };
		2407D9D5116CF56700E76385 /* AUCarbonViewControl.cpp in Sources */ = {isa = PBXBuildFile; fileRef = 2407D3CA116CE69100E76385 /* AUCarbonViewControl.cpp */; };
		2407D9D6116CF56700E76385 /* AUCarbonViewDispatch.cpp in Sources */ = {isa = PBXBuildFile; fileRef = 2407D3CC116CE69100E76385 /* AUCarbonViewDispatch.cpp */; };
		2407D9D7116CF56700E76385 /* CarbonEventHandler.cpp in Sources */ = {isa = PBXBuildFile; fileRef = 2407D3CF116CE69100E76385 /* CarbonEventHandler.cpp */; };
		2407D9D8116CF56F00E76385 /* AUEffectBase.cpp in Sources */ = {isa = PBXBuildFile; fileRef = 2407D3D4116CE69100E76385 /* AUEffectBase.cpp */; };
		2407D9D9116CF56F00E76385 /* AUMIDIBase.cpp in Sources */ = {isa = PBXBuildFile; fileRef = 2407D3D6116CE69100E76385 /* AUMIDIBase.cpp */; };
		2407D9DA116CF56F00E76385 /* AUMIDIEffectBase.cpp in Sources */ = {isa = PBXBuildFile; fileRef = 2407D3D8116CE69100E76385 /* AUMIDIEffectBase.cpp */; };
		2407D9DB116CF56F00E76385 /* AUOutputBase.cpp in Sources */ = {isa = PBXBuildFile; fileRef = 2407D3DA116CE69100E76385 /* AUOutputBase.cpp */; };
		2407D9DC116CF56F00E76385 /* MusicDeviceBase.cpp in Sources */ = {isa = PBXBuildFile; fileRef = 2407D3DE116CE69100E76385 /* MusicDeviceBase.cpp */; };
		2407D9DD116CF57400E76385 /* AUBuffer.cpp in Sources */ = {isa = PBXBuildFile; fileRef = 2407D3E3116CE69100E76385 /* AUBuffer.cpp */; };
		2407D9DE116CF57400E76385 /* AUDebugDispatcher.cpp in Sources */ = {isa = PBXBuildFile; fileRef = 2407D3E5116CE69100E76385 /* AUDebugDispatcher.cpp */; };
		2407D9DF116CF57A00E76385 /* CAAudioChannelLayout.cpp in Sources */ = {isa = PBXBuildFile; fileRef = 2407D988116CF02200E76385 /* CAAudioChannelLayout.cpp */; };
		2407D9E0116CF57A00E76385 /* CAAUParameter.cpp in Sources */ = {isa = PBXBuildFile; fileRef = 2407D98A116CF02800E76385 /* CAAUParameter.cpp */; };
		2407D9E1116CF57A00E76385 /* CAMutex.cpp in Sources */ = {isa = PBXBuildFile; fileRef = 2407D98D116CF02800E76385 /* CAMutex.cpp */; };
		2407D9E2116CF57A00E76385 /* CAStreamBasicDescription.cpp in Sources */ = {isa = PBXBuildFile; fileRef = 2407D98F116CF02800E76385 /* CAStreamBasicDescription.cpp */; };
		2407D9E3116CF57A00E76385 /* CAVectorUnit.cpp in Sources */ = {isa = PBXBuildFile; fileRef = 2407D991116CF02800E76385 /* CAVectorUnit.cpp */; };
		2407DA9D116D224C00E76385 /* BeatCounterEditor.cpp in Sources */ = {isa = PBXBuildFile; fileRef = 2407D499116CE85300E76385 /* BeatCounterEditor.cpp */; };
		240CE0BB116E71CA00015E9C /* RefreshTextLabelsTimer.cpp in Sources */ = {isa = PBXBuildFile; fileRef = 240CE0BA116E71CA00015E9C /* RefreshTextLabelsTimer.cpp */; };
		24E0145B117A68B2002086AC /* BooleanParameter.cpp in Sources */ = {isa = PBXBuildFile; fileRef = 24E01459117A68B2002086AC /* BooleanParameter.cpp */; };
		24E2107D117A79AB00CF2C7E /* DecibelParameter.cpp in Sources */ = {isa = PBXBuildFile; fileRef = 24E21079117A79AB00CF2C7E /* DecibelParameter.cpp */; };
		24FAB10A117A3AA000DEEB7D /* FloatingPointParameter.cpp in Sources */ = {isa = PBXBuildFile; fileRef = 24FAB104117A3AA000DEEB7D /* FloatingPointParameter.cpp */; };
		24FAB10B117A3AA000DEEB7D /* MapParameterSet.cpp in Sources */ = {isa = PBXBuildFile; fileRef = 24FAB106117A3AA000DEEB7D /* MapParameterSet.cpp */; };
		24FAB110117A3ACB00DEEB7D /* ParameterFactory.cpp in Sources */ = {isa = PBXBuildFile; fileRef = 24FAB10F117A3ACB00DEEB7D /* ParameterFactory.cpp */; };
/* End PBXBuildFile section */

/* Begin PBXFileReference section */
		2407D3BA116CE69100E76385 /* AUBase.cpp */ = {isa = PBXFileReference; fileEncoding = 4; lastKnownFileType = sourcecode.cpp.cpp; name = AUBase.cpp; path = Extras/CoreAudio/AudioUnits/AUPublic/AUBase/AUBase.cpp; sourceTree = SYSTEM_DEVELOPER_DIR; };
		2407D3BB116CE69100E76385 /* AUBase.h */ = {isa = PBXFileReference; fileEncoding = 4; lastKnownFileType = sourcecode.c.h; name = AUBase.h; path = Extras/CoreAudio/AudioUnits/AUPublic/AUBase/AUBase.h; sourceTree = SYSTEM_DEVELOPER_DIR; };
		2407D3BC116CE69100E76385 /* AUDispatch.cpp */ = {isa = PBXFileReference; fileEncoding = 4; lastKnownFileType = sourcecode.cpp.cpp; name = AUDispatch.cpp; path = Extras/CoreAudio/AudioUnits/AUPublic/AUBase/AUDispatch.cpp; sourceTree = SYSTEM_DEVELOPER_DIR; };
		2407D3BD116CE69100E76385 /* AUDispatch.h */ = {isa = PBXFileReference; fileEncoding = 4; lastKnownFileType = sourcecode.c.h; name = AUDispatch.h; path = Extras/CoreAudio/AudioUnits/AUPublic/AUBase/AUDispatch.h; sourceTree = SYSTEM_DEVELOPER_DIR; };
		2407D3BE116CE69100E76385 /* AUInputElement.cpp */ = {isa = PBXFileReference; fileEncoding = 4; lastKnownFileType = sourcecode.cpp.cpp; name = AUInputElement.cpp; path = Extras/CoreAudio/AudioUnits/AUPublic/AUBase/AUInputElement.cpp; sourceTree = SYSTEM_DEVELOPER_DIR; };
		2407D3BF116CE69100E76385 /* AUInputElement.h */ = {isa = PBXFileReference; fileEncoding = 4; lastKnownFileType = sourcecode.c.h; name = AUInputElement.h; path = Extras/CoreAudio/AudioUnits/AUPublic/AUBase/AUInputElement.h; sourceTree = SYSTEM_DEVELOPER_DIR; };
		2407D3C0116CE69100E76385 /* AUOutputElement.cpp */ = {isa = PBXFileReference; fileEncoding = 4; lastKnownFileType = sourcecode.cpp.cpp; name = AUOutputElement.cpp; path = Extras/CoreAudio/AudioUnits/AUPublic/AUBase/AUOutputElement.cpp; sourceTree = SYSTEM_DEVELOPER_DIR; };
		2407D3C1116CE69100E76385 /* AUOutputElement.h */ = {isa = PBXFileReference; fileEncoding = 4; lastKnownFileType = sourcecode.c.h; name = AUOutputElement.h; path = Extras/CoreAudio/AudioUnits/AUPublic/AUBase/AUOutputElement.h; sourceTree = SYSTEM_DEVELOPER_DIR; };
		2407D3C2116CE69100E76385 /* AUResources.r */ = {isa = PBXFileReference; fileEncoding = 4; lastKnownFileType = sourcecode.rez; name = AUResources.r; path = Extras/CoreAudio/AudioUnits/AUPublic/AUBase/AUResources.r; sourceTree = SYSTEM_DEVELOPER_DIR; };
		2407D3C3116CE69100E76385 /* AUScopeElement.cpp */ = {isa = PBXFileReference; fileEncoding = 4; lastKnownFileType = sourcecode.cpp.cpp; name = AUScopeElement.cpp; path = Extras/CoreAudio/AudioUnits/AUPublic/AUBase/AUScopeElement.cpp; sourceTree = SYSTEM_DEVELOPER_DIR; };
		2407D3C4116CE69100E76385 /* AUScopeElement.h */ = {isa = PBXFileReference; fileEncoding = 4; lastKnownFileType = sourcecode.c.h; name = AUScopeElement.h; path = Extras/CoreAudio/AudioUnits/AUPublic/AUBase/AUScopeElement.h; sourceTree = SYSTEM_DEVELOPER_DIR; };
		2407D3C5116CE69100E76385 /* ComponentBase.cpp */ = {isa = PBXFileReference; fileEncoding = 4; lastKnownFileType = sourcecode.cpp.cpp; name = ComponentBase.cpp; path = Extras/CoreAudio/AudioUnits/AUPublic/AUBase/ComponentBase.cpp; sourceTree = SYSTEM_DEVELOPER_DIR; };
		2407D3C6116CE69100E76385 /* ComponentBase.h */ = {isa = PBXFileReference; fileEncoding = 4; lastKnownFileType = sourcecode.c.h; name = ComponentBase.h; path = Extras/CoreAudio/AudioUnits/AUPublic/AUBase/ComponentBase.h; sourceTree = SYSTEM_DEVELOPER_DIR; };
		2407D3C8116CE69100E76385 /* AUCarbonViewBase.cpp */ = {isa = PBXFileReference; fileEncoding = 4; lastKnownFileType = sourcecode.cpp.cpp; name = AUCarbonViewBase.cpp; path = Extras/CoreAudio/AudioUnits/AUPublic/AUCarbonViewBase/AUCarbonViewBase.cpp; sourceTree = SYSTEM_DEVELOPER_DIR; };
		2407D3C9116CE69100E76385 /* AUCarbonViewBase.h */ = {isa = PBXFileReference; fileEncoding = 4; lastKnownFileType = sourcecode.c.h; name = AUCarbonViewBase.h; path = Extras/CoreAudio/AudioUnits/AUPublic/AUCarbonViewBase/AUCarbonViewBase.h; sourceTree = SYSTEM_DEVELOPER_DIR; };
		2407D3CA116CE69100E76385 /* AUCarbonViewControl.cpp */ = {isa = PBXFileReference; fileEncoding = 4; lastKnownFileType = sourcecode.cpp.cpp; name = AUCarbonViewControl.cpp; path = Extras/CoreAudio/AudioUnits/AUPublic/AUCarbonViewBase/AUCarbonViewControl.cpp; sourceTree = SYSTEM_DEVELOPER_DIR; };
		2407D3CB116CE69100E76385 /* AUCarbonViewControl.h */ = {isa = PBXFileReference; fileEncoding = 4; lastKnownFileType = sourcecode.c.h; name = AUCarbonViewControl.h; path = Extras/CoreAudio/AudioUnits/AUPublic/AUCarbonViewBase/AUCarbonViewControl.h; sourceTree = SYSTEM_DEVELOPER_DIR; };
		2407D3CC116CE69100E76385 /* AUCarbonViewDispatch.cpp */ = {isa = PBXFileReference; fileEncoding = 4; lastKnownFileType = sourcecode.cpp.cpp; name = AUCarbonViewDispatch.cpp; path = Extras/CoreAudio/AudioUnits/AUPublic/AUCarbonViewBase/AUCarbonViewDispatch.cpp; sourceTree = SYSTEM_DEVELOPER_DIR; };
		2407D3CF116CE69100E76385 /* CarbonEventHandler.cpp */ = {isa = PBXFileReference; fileEncoding = 4; lastKnownFileType = sourcecode.cpp.cpp; name = CarbonEventHandler.cpp; path = Extras/CoreAudio/AudioUnits/AUPublic/AUCarbonViewBase/CarbonEventHandler.cpp; sourceTree = SYSTEM_DEVELOPER_DIR; };
		2407D3D0116CE69100E76385 /* CarbonEventHandler.h */ = {isa = PBXFileReference; fileEncoding = 4; lastKnownFileType = sourcecode.c.h; name = CarbonEventHandler.h; path = Extras/CoreAudio/AudioUnits/AUPublic/AUCarbonViewBase/CarbonEventHandler.h; sourceTree = SYSTEM_DEVELOPER_DIR; };
		2407D3D2116CE69100E76385 /* AUViewLocalizedStringKeys.h */ = {isa = PBXFileReference; fileEncoding = 4; lastKnownFileType = sourcecode.c.h; name = AUViewLocalizedStringKeys.h; path = Extras/CoreAudio/AudioUnits/AUPublic/AUViewBase/AUViewLocalizedStringKeys.h; sourceTree = SYSTEM_DEVELOPER_DIR; };
		2407D3D4116CE69100E76385 /* AUEffectBase.cpp */ = {isa = PBXFileReference; fileEncoding = 4; lastKnownFileType = sourcecode.cpp.cpp; name = AUEffectBase.cpp; path = Extras/CoreAudio/AudioUnits/AUPublic/OtherBases/AUEffectBase.cpp; sourceTree = SYSTEM_DEVELOPER_DIR; };
		2407D3D5116CE69100E76385 /* AUEffectBase.h */ = {isa = PBXFileReference; fileEncoding = 4; lastKnownFileType = sourcecode.c.h; name = AUEffectBase.h; path = Extras/CoreAudio/AudioUnits/AUPublic/OtherBases/AUEffectBase.h; sourceTree = SYSTEM_DEVELOPER_DIR; };
		2407D3D6116CE69100E76385 /* AUMIDIBase.cpp */ = {isa = PBXFileReference; fileEncoding = 4; lastKnownFileType = sourcecode.cpp.cpp; name = AUMIDIBase.cpp; path = Extras/CoreAudio/AudioUnits/AUPublic/OtherBases/AUMIDIBase.cpp; sourceTree = SYSTEM_DEVELOPER_DIR; };
		2407D3D7116CE69100E76385 /* AUMIDIBase.h */ = {isa = PBXFileReference; fileEncoding = 4; lastKnownFileType = sourcecode.c.h; name = AUMIDIBase.h; path = Extras/CoreAudio/AudioUnits/AUPublic/OtherBases/AUMIDIBase.h; sourceTree = SYSTEM_DEVELOPER_DIR; };
		2407D3D8116CE69100E76385 /* AUMIDIEffectBase.cpp */ = {isa = PBXFileReference; fileEncoding = 4; lastKnownFileType = sourcecode.cpp.cpp; name = AUMIDIEffectBase.cpp; path = Extras/CoreAudio/AudioUnits/AUPublic/OtherBases/AUMIDIEffectBase.cpp; sourceTree = SYSTEM_DEVELOPER_DIR; };
		2407D3D9116CE69100E76385 /* AUMIDIEffectBase.h */ = {isa = PBXFileReference; fileEncoding = 4; lastKnownFileType = sourcecode.c.h; name = AUMIDIEffectBase.h; path = Extras/CoreAudio/AudioUnits/AUPublic/OtherBases/AUMIDIEffectBase.h; sourceTree = SYSTEM_DEVELOPER_DIR; };
		2407D3DA116CE69100E76385 /* AUOutputBase.cpp */ = {isa = PBXFileReference; fileEncoding = 4; lastKnownFileType = sourcecode.cpp.cpp; name = AUOutputBase.cpp; path = Extras/CoreAudio/AudioUnits/AUPublic/OtherBases/AUOutputBase.cpp; sourceTree = SYSTEM_DEVELOPER_DIR; };
		2407D3DB116CE69100E76385 /* AUOutputBase.h */ = {isa = PBXFileReference; fileEncoding = 4; lastKnownFileType = sourcecode.c.h; name = AUOutputBase.h; path = Extras/CoreAudio/AudioUnits/AUPublic/OtherBases/AUOutputBase.h; sourceTree = SYSTEM_DEVELOPER_DIR; };
		2407D3DE116CE69100E76385 /* MusicDeviceBase.cpp */ = {isa = PBXFileReference; fileEncoding = 4; lastKnownFileType = sourcecode.cpp.cpp; name = MusicDeviceBase.cpp; path = Extras/CoreAudio/AudioUnits/AUPublic/OtherBases/MusicDeviceBase.cpp; sourceTree = SYSTEM_DEVELOPER_DIR; };
		2407D3DF116CE69100E76385 /* MusicDeviceBase.h */ = {isa = PBXFileReference; fileEncoding = 4; lastKnownFileType = sourcecode.c.h; name = MusicDeviceBase.h; path = Extras/CoreAudio/AudioUnits/AUPublic/OtherBases/MusicDeviceBase.h; sourceTree = SYSTEM_DEVELOPER_DIR; };
		2407D3E3116CE69100E76385 /* AUBuffer.cpp */ = {isa = PBXFileReference; fileEncoding = 4; lastKnownFileType = sourcecode.cpp.cpp; name = AUBuffer.cpp; path = Extras/CoreAudio/AudioUnits/AUPublic/Utility/AUBuffer.cpp; sourceTree = SYSTEM_DEVELOPER_DIR; };
		2407D3E4116CE69100E76385 /* AUBuffer.h */ = {isa = PBXFileReference; fileEncoding = 4; lastKnownFileType = sourcecode.c.h; name = AUBuffer.h; path = Extras/CoreAudio/AudioUnits/AUPublic/Utility/AUBuffer.h; sourceTree = SYSTEM_DEVELOPER_DIR; };
		2407D3E5116CE69100E76385 /* AUDebugDispatcher.cpp */ = {isa = PBXFileReference; fileEncoding = 4; lastKnownFileType = sourcecode.cpp.cpp; name = AUDebugDispatcher.cpp; path = Extras/CoreAudio/AudioUnits/AUPublic/Utility/AUDebugDispatcher.cpp; sourceTree = SYSTEM_DEVELOPER_DIR; };
		2407D3E6116CE69100E76385 /* AUDebugDispatcher.h */ = {isa = PBXFileReference; fileEncoding = 4; lastKnownFileType = sourcecode.c.h; name = AUDebugDispatcher.h; path = Extras/CoreAudio/AudioUnits/AUPublic/Utility/AUDebugDispatcher.h; sourceTree = SYSTEM_DEVELOPER_DIR; };
		2407D3E7116CE69100E76385 /* AUInputFormatConverter.h */ = {isa = PBXFileReference; fileEncoding = 4; lastKnownFileType = sourcecode.c.h; name = AUInputFormatConverter.h; path = Extras/CoreAudio/AudioUnits/AUPublic/Utility/AUInputFormatConverter.h; sourceTree = SYSTEM_DEVELOPER_DIR; };
		2407D3E8116CE69100E76385 /* AUSilentTimeout.h */ = {isa = PBXFileReference; fileEncoding = 4; lastKnownFileType = sourcecode.c.h; name = AUSilentTimeout.h; path = Extras/CoreAudio/AudioUnits/AUPublic/Utility/AUSilentTimeout.h; sourceTree = SYSTEM_DEVELOPER_DIR; };
		2407D3EA116CE69100E76385 /* AUTimestampGenerator.h */ = {isa = PBXFileReference; fileEncoding = 4; lastKnownFileType = sourcecode.c.h; name = AUTimestampGenerator.h; path = Extras/CoreAudio/AudioUnits/AUPublic/Utility/AUTimestampGenerator.h; sourceTree = SYSTEM_DEVELOPER_DIR; };
		2407D491116CE6D600E76385 /* aeffeditor.h */ = {isa = PBXFileReference; fileEncoding = 4; lastKnownFileType = sourcecode.c.h; name = aeffeditor.h; path = "third-party/vstsdk2.4/public.sdk/source/vst2.x/aeffeditor.h"; sourceTree = "<group>"; };
		2407D492116CE6D600E76385 /* audioeffect.h */ = {isa = PBXFileReference; fileEncoding = 4; lastKnownFileType = sourcecode.c.h; name = audioeffect.h; path = "third-party/vstsdk2.4/public.sdk/source/vst2.x/audioeffect.h"; sourceTree = "<group>"; };
		2407D493116CE6D600E76385 /* audioeffectx.h */ = {isa = PBXFileReference; fileEncoding = 4; lastKnownFileType = sourcecode.c.h; name = audioeffectx.h; path = "third-party/vstsdk2.4/public.sdk/source/vst2.x/audioeffectx.h"; sourceTree = "<group>"; };
		2407D496116CE80200E76385 /* PrefixMac.h */ = {isa = PBXFileReference; fileEncoding = 4; lastKnownFileType = sourcecode.c.h; name = PrefixMac.h; path = mac/PrefixMac.h; sourceTree = "<group>"; };
		2407D497116CE85300E76385 /* BeatCounter.cpp */ = {isa = PBXFileReference; fileEncoding = 4; lastKnownFileType = sourcecode.cpp.cpp; name = BeatCounter.cpp; path = source/BeatCounter.cpp; sourceTree = "<group>"; };
		2407D498116CE85300E76385 /* BeatCounter.h */ = {isa = PBXFileReference; fileEncoding = 4; lastKnownFileType = sourcecode.c.h; name = BeatCounter.h; path = source/BeatCounter.h; sourceTree = "<group>"; };
		2407D499116CE85300E76385 /* BeatCounterEditor.cpp */ = {isa = PBXFileReference; fileEncoding = 4; lastKnownFileType = sourcecode.cpp.cpp; name = BeatCounterEditor.cpp; path = source/BeatCounterEditor.cpp; sourceTree = "<group>"; };
		2407D49A116CE85300E76385 /* BeatCounterEditor.h */ = {isa = PBXFileReference; fileEncoding = 4; lastKnownFileType = sourcecode.c.h; name = BeatCounterEditor.h; path = source/BeatCounterEditor.h; sourceTree = "<group>"; };
		2407D49B116CE85300E76385 /* JuceLibraryConfig.h */ = {isa = PBXFileReference; fileEncoding = 4; lastKnownFileType = sourcecode.c.h; name = JuceLibraryConfig.h; path = source/JuceLibraryConfig.h; sourceTree = "<group>"; };
		2407D49D116CE85300E76385 /* JucePluginCharacteristics.h */ = {isa = PBXFileReference; fileEncoding = 4; lastKnownFileType = sourcecode.c.h; name = JucePluginCharacteristics.h; path = source/JucePluginCharacteristics.h; sourceTree = "<group>"; };
		2407D4A8116CE96A00E76385 /* Info.plist */ = {isa = PBXFileReference; fileEncoding = 4; lastKnownFileType = text.plist.xml; name = Info.plist; path = mac/Info.plist; sourceTree = "<group>"; };
		2407D4CB116CEE4500E76385 /* juce_AU_Resources.r */ = {isa = PBXFileReference; fileEncoding = 4; lastKnownFileType = sourcecode.rez; name = juce_AU_Resources.r; path = "extras/audio plugins/wrapper/AU/juce_AU_Resources.r"; sourceTree = "<group>"; };
		2407D4CC116CEE4500E76385 /* juce_AU_Wrapper.mm */ = {isa = PBXFileReference; fileEncoding = 4; lastKnownFileType = sourcecode.cpp.objcpp; name = juce_AU_Wrapper.mm; path = "extras/audio plugins/wrapper/AU/juce_AU_Wrapper.mm"; sourceTree = "<group>"; };
		2407D4CF116CEE5C00E76385 /* juce_VST_Wrapper.cpp */ = {isa = PBXFileReference; fileEncoding = 4; lastKnownFileType = sourcecode.cpp.cpp; name = juce_VST_Wrapper.cpp; path = "extras/audio plugins/wrapper/VST/juce_VST_Wrapper.cpp"; sourceTree = "<group>"; };
		2407D4D0116CEE5C00E76385 /* juce_VST_Wrapper.mm */ = {isa = PBXFileReference; fileEncoding = 4; lastKnownFileType = sourcecode.cpp.objcpp; name = juce_VST_Wrapper.mm; path = "extras/audio plugins/wrapper/VST/juce_VST_Wrapper.mm"; sourceTree = "<group>"; };
		2407D96A116CEF7D00E76385 /* AudioToolbox.framework */ = {isa = PBXFileReference; lastKnownFileType = wrapper.framework; name = AudioToolbox.framework; path = /System/Library/Frameworks/AudioToolbox.framework; sourceTree = "<absolute>"; };
		2407D96B116CEF7D00E76385 /* AudioUnit.framework */ = {isa = PBXFileReference; lastKnownFileType = wrapper.framework; name = AudioUnit.framework; path = /System/Library/Frameworks/AudioUnit.framework; sourceTree = "<absolute>"; };
		2407D96C116CEF7D00E76385 /* Carbon.framework */ = {isa = PBXFileReference; lastKnownFileType = wrapper.framework; name = Carbon.framework; path = /System/Library/Frameworks/Carbon.framework; sourceTree = "<absolute>"; };
		2407D96D116CEF7D00E76385 /* Cocoa.framework */ = {isa = PBXFileReference; lastKnownFileType = wrapper.framework; name = Cocoa.framework; path = /System/Library/Frameworks/Cocoa.framework; sourceTree = "<absolute>"; };
		2407D96E116CEF7D00E76385 /* CoreAudio.framework */ = {isa = PBXFileReference; lastKnownFileType = wrapper.framework; name = CoreAudio.framework; path = /System/Library/Frameworks/CoreAudio.framework; sourceTree = "<absolute>"; };
		2407D96F116CEF7D00E76385 /* CoreAudioKit.framework */ = {isa = PBXFileReference; lastKnownFileType = wrapper.framework; name = CoreAudioKit.framework; path = /System/Library/Frameworks/CoreAudioKit.framework; sourceTree = "<absolute>"; };
		2407D970116CEF7D00E76385 /* CoreMIDI.framework */ = {isa = PBXFileReference; lastKnownFileType = wrapper.framework; name = CoreMIDI.framework; path = /System/Library/Frameworks/CoreMIDI.framework; sourceTree = "<absolute>"; };
		2407D971116CEF7D00E76385 /* DiscRecording.framework */ = {isa = PBXFileReference; lastKnownFileType = wrapper.framework; name = DiscRecording.framework; path = /System/Library/Frameworks/DiscRecording.framework; sourceTree = "<absolute>"; };
		2407D972116CEF7D00E76385 /* IOKit.framework */ = {isa = PBXFileReference; lastKnownFileType = wrapper.framework; name = IOKit.framework; path = /System/Library/Frameworks/IOKit.framework; sourceTree = "<absolute>"; };
		2407D973116CEF7D00E76385 /* OpenGL.framework */ = {isa = PBXFileReference; lastKnownFileType = wrapper.framework; name = OpenGL.framework; path = /System/Library/Frameworks/OpenGL.framework; sourceTree = "<absolute>"; };
		2407D974116CEF7D00E76385 /* QTKit.framework */ = {isa = PBXFileReference; lastKnownFileType = wrapper.framework; name = QTKit.framework; path = /System/Library/Frameworks/QTKit.framework; sourceTree = "<absolute>"; };
		2407D975116CEF7D00E76385 /* QuartzCore.framework */ = {isa = PBXFileReference; lastKnownFileType = wrapper.framework; name = QuartzCore.framework; path = /System/Library/Frameworks/QuartzCore.framework; sourceTree = "<absolute>"; };
		2407D976116CEF7D00E76385 /* QuickTime.framework */ = {isa = PBXFileReference; lastKnownFileType = wrapper.framework; name = QuickTime.framework; path = /System/Library/Frameworks/QuickTime.framework; sourceTree = "<absolute>"; };
		2407D977116CEF7D00E76385 /* WebKit.framework */ = {isa = PBXFileReference; lastKnownFileType = wrapper.framework; name = WebKit.framework; path = /System/Library/Frameworks/WebKit.framework; sourceTree = "<absolute>"; };
		2407D988116CF02200E76385 /* CAAudioChannelLayout.cpp */ = {isa = PBXFileReference; fileEncoding = 4; lastKnownFileType = sourcecode.cpp.cpp; name = CAAudioChannelLayout.cpp; path = Extras/CoreAudio/PublicUtility/CAAudioChannelLayout.cpp; sourceTree = SYSTEM_DEVELOPER_DIR; };
		2407D989116CF02800E76385 /* CAAudioChannelLayout.h */ = {isa = PBXFileReference; fileEncoding = 4; lastKnownFileType = sourcecode.c.h; name = CAAudioChannelLayout.h; path = Extras/CoreAudio/PublicUtility/CAAudioChannelLayout.h; sourceTree = SYSTEM_DEVELOPER_DIR; };
		2407D98A116CF02800E76385 /* CAAUParameter.cpp */ = {isa = PBXFileReference; fileEncoding = 4; lastKnownFileType = sourcecode.cpp.cpp; name = CAAUParameter.cpp; path = Extras/CoreAudio/PublicUtility/CAAUParameter.cpp; sourceTree = SYSTEM_DEVELOPER_DIR; };
		2407D98B116CF02800E76385 /* CAAUParameter.h */ = {isa = PBXFileReference; fileEncoding = 4; lastKnownFileType = sourcecode.c.h; name = CAAUParameter.h; path = Extras/CoreAudio/PublicUtility/CAAUParameter.h; sourceTree = SYSTEM_DEVELOPER_DIR; };
		2407D98C116CF02800E76385 /* CADebugMacros.h */ = {isa = PBXFileReference; fileEncoding = 4; lastKnownFileType = sourcecode.c.h; name = CADebugMacros.h; path = Extras/CoreAudio/PublicUtility/CADebugMacros.h; sourceTree = SYSTEM_DEVELOPER_DIR; };
		2407D98D116CF02800E76385 /* CAMutex.cpp */ = {isa = PBXFileReference; fileEncoding = 4; lastKnownFileType = sourcecode.cpp.cpp; name = CAMutex.cpp; path = Extras/CoreAudio/PublicUtility/CAMutex.cpp; sourceTree = SYSTEM_DEVELOPER_DIR; };
		2407D98E116CF02800E76385 /* CAMutex.h */ = {isa = PBXFileReference; fileEncoding = 4; lastKnownFileType = sourcecode.c.h; name = CAMutex.h; path = Extras/CoreAudio/PublicUtility/CAMutex.h; sourceTree = SYSTEM_DEVELOPER_DIR; };
		2407D98F116CF02800E76385 /* CAStreamBasicDescription.cpp */ = {isa = PBXFileReference; fileEncoding = 4; lastKnownFileType = sourcecode.cpp.cpp; name = CAStreamBasicDescription.cpp; path = Extras/CoreAudio/PublicUtility/CAStreamBasicDescription.cpp; sourceTree = SYSTEM_DEVELOPER_DIR; };
		2407D990116CF02800E76385 /* CAStreamBasicDescription.h */ = {isa = PBXFileReference; fileEncoding = 4; lastKnownFileType = sourcecode.c.h; name = CAStreamBasicDescription.h; path = Extras/CoreAudio/PublicUtility/CAStreamBasicDescription.h; sourceTree = SYSTEM_DEVELOPER_DIR; };
		2407D991116CF02800E76385 /* CAVectorUnit.cpp */ = {isa = PBXFileReference; fileEncoding = 4; lastKnownFileType = sourcecode.cpp.cpp; name = CAVectorUnit.cpp; path = Extras/CoreAudio/PublicUtility/CAVectorUnit.cpp; sourceTree = SYSTEM_DEVELOPER_DIR; };
		2407D992116CF02800E76385 /* CAVectorUnit.h */ = {isa = PBXFileReference; fileEncoding = 4; lastKnownFileType = sourcecode.c.h; name = CAVectorUnit.h; path = Extras/CoreAudio/PublicUtility/CAVectorUnit.h; sourceTree = SYSTEM_DEVELOPER_DIR; };
		2407D993116CF02800E76385 /* CAVectorUnitTypes.h */ = {isa = PBXFileReference; fileEncoding = 4; lastKnownFileType = sourcecode.c.h; name = CAVectorUnitTypes.h; path = Extras/CoreAudio/PublicUtility/CAVectorUnitTypes.h; sourceTree = SYSTEM_DEVELOPER_DIR; };
		2407D99D116CF10000E76385 /* JuceLibrarySource.mm */ = {isa = PBXFileReference; fileEncoding = 4; lastKnownFileType = sourcecode.cpp.objcpp; name = JuceLibrarySource.mm; path = ../../mac/JuceLibrarySource.mm; sourceTree = "<group>"; };
		240CE09A116E6C9F00015E9C /* BeatCounterModel.h */ = {isa = PBXFileReference; fileEncoding = 4; lastKnownFileType = sourcecode.c.h; name = BeatCounterModel.h; path = source/BeatCounterModel.h; sourceTree = "<group>"; };
		240CE0B9116E71CA00015E9C /* RefreshTextLabelsTimer.h */ = {isa = PBXFileReference; fileEncoding = 4; lastKnownFileType = sourcecode.c.h; name = RefreshTextLabelsTimer.h; path = source/RefreshTextLabelsTimer.h; sourceTree = "<group>"; };
		240CE0BA116E71CA00015E9C /* RefreshTextLabelsTimer.cpp */ = {isa = PBXFileReference; fileEncoding = 4; lastKnownFileType = sourcecode.cpp.cpp; name = RefreshTextLabelsTimer.cpp; path = source/RefreshTextLabelsTimer.cpp; sourceTree = "<group>"; };
		240CE0C0116E729800015E9C /* RefreshTextLabelsTimerResponder.h */ = {isa = PBXFileReference; fileEncoding = 4; lastKnownFileType = sourcecode.c.h; name = RefreshTextLabelsTimerResponder.h; path = source/RefreshTextLabelsTimerResponder.h; sourceTree = "<group>"; };
		246AF1EF0981856000CC729E /* BeatCounter.component */ = {isa = PBXFileReference; explicitFileType = wrapper.cfbundle; includeInIndex = 0; path = BeatCounter.component; sourceTree = BUILT_PRODUCTS_DIR; };
		24E01459117A68B2002086AC /* BooleanParameter.cpp */ = {isa = PBXFileReference; fileEncoding = 4; lastKnownFileType = sourcecode.cpp.cpp; name = BooleanParameter.cpp; path = "third-party/PluginParameters/source/BooleanParameter.cpp"; sourceTree = "<group>"; };
		24E0145A117A68B2002086AC /* BooleanParameter.h */ = {isa = PBXFileReference; fileEncoding = 4; lastKnownFileType = sourcecode.c.h; name = BooleanParameter.h; path = "third-party/PluginParameters/source/BooleanParameter.h"; sourceTree = "<group>"; };
		24E21079117A79AB00CF2C7E /* DecibelParameter.cpp */ = {isa = PBXFileReference; fileEncoding = 4; lastKnownFileType = sourcecode.cpp.cpp; name = DecibelParameter.cpp; path = "third-party/PluginParameters/source/DecibelParameter.cpp"; sourceTree = "<group>"; };
		24E2107A117A79AB00CF2C7E /* DecibelParameter.h */ = {isa = PBXFileReference; fileEncoding = 4; lastKnownFileType = sourcecode.c.h; name = DecibelParameter.h; path = "third-party/PluginParameters/source/DecibelParameter.h"; sourceTree = "<group>"; };
		24E2107B117A79AB00CF2C7E /* NamedParameter.h */ = {isa = PBXFileReference; fileEncoding = 4; lastKnownFileType = sourcecode.c.h; name = NamedParameter.h; path = "third-party/PluginParameters/source/NamedParameter.h"; sourceTree = "<group>"; };
		24E2107C117A79AB00CF2C7E /* NumericParameter.h */ = {isa = PBXFileReference; fileEncoding = 4; lastKnownFileType = sourcecode.c.h; name = NumericParameter.h; path = "third-party/PluginParameters/source/NumericParameter.h"; sourceTree = "<group>"; };
		24FAB104117A3AA000DEEB7D /* FloatingPointParameter.cpp */ = {isa = PBXFileReference; fileEncoding = 4; lastKnownFileType = sourcecode.cpp.cpp; name = FloatingPointParameter.cpp; path = "third-party/PluginParameters/source/FloatingPointParameter.cpp"; sourceTree = "<group>"; };
		24FAB105117A3AA000DEEB7D /* FloatingPointParameter.h */ = {isa = PBXFileReference; fileEncoding = 4; lastKnownFileType = sourcecode.c.h; name = FloatingPointParameter.h; path = "third-party/PluginParameters/source/FloatingPointParameter.h"; sourceTree = "<group>"; };
		24FAB106117A3AA000DEEB7D /* MapParameterSet.cpp */ = {isa = PBXFileReference; fileEncoding = 4; lastKnownFileType = sourcecode.cpp.cpp; name = MapParameterSet.cpp; path = "third-party/PluginParameters/source/MapParameterSet.cpp"; sourceTree = "<group>"; };
		24FAB107117A3AA000DEEB7D /* MapParameterSet.h */ = {isa = PBXFileReference; fileEncoding = 4; lastKnownFileType = sourcecode.c.h; name = MapParameterSet.h; path = "third-party/PluginParameters/source/MapParameterSet.h"; sourceTree = "<group>"; };
		24FAB108117A3AA000DEEB7D /* PluginParameter.h */ = {isa = PBXFileReference; fileEncoding = 4; lastKnownFileType = sourcecode.c.h; name = PluginParameter.h; path = "third-party/PluginParameters/source/PluginParameter.h"; sourceTree = "<group>"; };
		24FAB109117A3AA000DEEB7D /* PluginParameterSet.h */ = {isa = PBXFileReference; fileEncoding = 4; lastKnownFileType = sourcecode.c.h; name = PluginParameterSet.h; path = "third-party/PluginParameters/source/PluginParameterSet.h"; sourceTree = "<group>"; };
		24FAB10E117A3ACB00DEEB7D /* ParameterFactory.h */ = {isa = PBXFileReference; fileEncoding = 4; lastKnownFileType = sourcecode.c.h; name = ParameterFactory.h; path = source/ParameterFactory.h; sourceTree = "<group>"; };
		24FAB10F117A3ACB00DEEB7D /* ParameterFactory.cpp */ = {isa = PBXFileReference; fileEncoding = 4; lastKnownFileType = sourcecode.cpp.cpp; name = ParameterFactory.cpp; path = source/ParameterFactory.cpp; sourceTree = "<group>"; };
/* End PBXFileReference section */

/* Begin PBXFrameworksBuildPhase section */
		246AF1ED0981856000CC729E /* Frameworks */ = {
			isa = PBXFrameworksBuildPhase;
			buildActionMask = 2147483647;
			files = (
				2407D978116CEF7D00E76385 /* AudioToolbox.framework in Frameworks */,
				2407D979116CEF7D00E76385 /* AudioUnit.framework in Frameworks */,
				2407D97A116CEF7D00E76385 /* Carbon.framework in Frameworks */,
				2407D97B116CEF7D00E76385 /* Cocoa.framework in Frameworks */,
				2407D97C116CEF7D00E76385 /* CoreAudio.framework in Frameworks */,
				2407D97D116CEF7D00E76385 /* CoreAudioKit.framework in Frameworks */,
				2407D97E116CEF7D00E76385 /* CoreMIDI.framework in Frameworks */,
				2407D97F116CEF7D00E76385 /* DiscRecording.framework in Frameworks */,
				2407D980116CEF7D00E76385 /* IOKit.framework in Frameworks */,
				2407D981116CEF7D00E76385 /* OpenGL.framework in Frameworks */,
				2407D982116CEF7D00E76385 /* QTKit.framework in Frameworks */,
				2407D983116CEF7D00E76385 /* QuartzCore.framework in Frameworks */,
				2407D984116CEF7D00E76385 /* QuickTime.framework in Frameworks */,
				2407D985116CEF7D00E76385 /* WebKit.framework in Frameworks */,
			);
			runOnlyForDeploymentPostprocessing = 0;
		};
/* End PBXFrameworksBuildPhase section */

/* Begin PBXGroup section */
		089C166AFE841209C02AAC07 /* FM-Chopper */ = {
			isa = PBXGroup;
			children = (
				24B6483C0A8347CE003CD819 /* AudioUnits */,
				089C1671FE841209C02AAC07 /* Frameworks */,
				2407D4C6116CEDFA00E76385 /* Juce */,
				24FAB103117A3A9100DEEB7D /* PluginParameters */,
				19C28FB4FE9D528D11CA2CBB /* Products */,
				089C167CFE841241C02AAC07 /* Resources */,
				08FB77ADFE841716C02AAC07 /* Source */,
				24E44F5A0F9B46F5008F34CE /* VST SDK */,
			);
			name = "FM-Chopper";
			sourceTree = "<group>";
		};
		089C1671FE841209C02AAC07 /* Frameworks */ = {
			isa = PBXGroup;
			children = (
				2407D96A116CEF7D00E76385 /* AudioToolbox.framework */,
				2407D96B116CEF7D00E76385 /* AudioUnit.framework */,
				2407D96C116CEF7D00E76385 /* Carbon.framework */,
				2407D96D116CEF7D00E76385 /* Cocoa.framework */,
				2407D96E116CEF7D00E76385 /* CoreAudio.framework */,
				2407D96F116CEF7D00E76385 /* CoreAudioKit.framework */,
				2407D970116CEF7D00E76385 /* CoreMIDI.framework */,
				2407D971116CEF7D00E76385 /* DiscRecording.framework */,
				2407D972116CEF7D00E76385 /* IOKit.framework */,
				2407D973116CEF7D00E76385 /* OpenGL.framework */,
				2407D974116CEF7D00E76385 /* QTKit.framework */,
				2407D975116CEF7D00E76385 /* QuartzCore.framework */,
				2407D976116CEF7D00E76385 /* QuickTime.framework */,
				2407D977116CEF7D00E76385 /* WebKit.framework */,
			);
			name = Frameworks;
			sourceTree = "<group>";
		};
		089C167CFE841241C02AAC07 /* Resources */ = {
			isa = PBXGroup;
			children = (
				2407D496116CE80200E76385 /* PrefixMac.h */,
				2407D4A8116CE96A00E76385 /* Info.plist */,
			);
			name = Resources;
			sourceTree = "<group>";
		};
		08FB77ADFE841716C02AAC07 /* Source */ = {
			isa = PBXGroup;
			children = (
				2407D497116CE85300E76385 /* BeatCounter.cpp */,
				2407D499116CE85300E76385 /* BeatCounterEditor.cpp */,
				24FAB10F117A3ACB00DEEB7D /* ParameterFactory.cpp */,
				240CE0BA116E71CA00015E9C /* RefreshTextLabelsTimer.cpp */,
				2407D498116CE85300E76385 /* BeatCounter.h */,
				2407D49A116CE85300E76385 /* BeatCounterEditor.h */,
				240CE09A116E6C9F00015E9C /* BeatCounterModel.h */,
				2407D49B116CE85300E76385 /* JuceLibraryConfig.h */,
				2407D49D116CE85300E76385 /* JucePluginCharacteristics.h */,
				24FAB10E117A3ACB00DEEB7D /* ParameterFactory.h */,
				240CE0B9116E71CA00015E9C /* RefreshTextLabelsTimer.h */,
				240CE0C0116E729800015E9C /* RefreshTextLabelsTimerResponder.h */,
			);
			name = Source;
			sourceTree = "<group>";
		};
		19C28FB4FE9D528D11CA2CBB /* Products */ = {
			isa = PBXGroup;
			children = (
				246AF1EF0981856000CC729E /* BeatCounter.component */,
			);
			name = Products;
			sourceTree = "<group>";
		};
		2407D3B9116CE69100E76385 /* AUBase */ = {
			isa = PBXGroup;
			children = (
				2407D3BA116CE69100E76385 /* AUBase.cpp */,
				2407D3BC116CE69100E76385 /* AUDispatch.cpp */,
				2407D3BE116CE69100E76385 /* AUInputElement.cpp */,
				2407D3C0116CE69100E76385 /* AUOutputElement.cpp */,
				2407D3C3116CE69100E76385 /* AUScopeElement.cpp */,
				2407D3C5116CE69100E76385 /* ComponentBase.cpp */,
				2407D3BB116CE69100E76385 /* AUBase.h */,
				2407D3BD116CE69100E76385 /* AUDispatch.h */,
				2407D3BF116CE69100E76385 /* AUInputElement.h */,
				2407D3C1116CE69100E76385 /* AUOutputElement.h */,
				2407D3C4116CE69100E76385 /* AUScopeElement.h */,
				2407D3C6116CE69100E76385 /* ComponentBase.h */,
				2407D3C2116CE69100E76385 /* AUResources.r */,
			);
			name = AUBase;
			path = Extras/CoreAudio/AudioUnits/AUPublic/AUBase;
			sourceTree = SYSTEM_DEVELOPER_DIR;
		};
		2407D3C7116CE69100E76385 /* AUCarbonViewBase */ = {
			isa = PBXGroup;
			children = (
				2407D3C8116CE69100E76385 /* AUCarbonViewBase.cpp */,
				2407D3CA116CE69100E76385 /* AUCarbonViewControl.cpp */,
				2407D3CC116CE69100E76385 /* AUCarbonViewDispatch.cpp */,
				2407D3CF116CE69100E76385 /* CarbonEventHandler.cpp */,
				2407D3C9116CE69100E76385 /* AUCarbonViewBase.h */,
				2407D3CB116CE69100E76385 /* AUCarbonViewControl.h */,
				2407D3D0116CE69100E76385 /* CarbonEventHandler.h */,
			);
			name = AUCarbonViewBase;
			path = Extras/CoreAudio/AudioUnits/AUPublic/AUCarbonViewBase;
			sourceTree = SYSTEM_DEVELOPER_DIR;
		};
		2407D3D1116CE69100E76385 /* AUViewBase */ = {
			isa = PBXGroup;
			children = (
				2407D3D2116CE69100E76385 /* AUViewLocalizedStringKeys.h */,
			);
			name = AUViewBase;
			path = Extras/CoreAudio/AudioUnits/AUPublic/AUViewBase;
			sourceTree = SYSTEM_DEVELOPER_DIR;
		};
		2407D3D3116CE69100E76385 /* OtherBases */ = {
			isa = PBXGroup;
			children = (
				2407D3D4116CE69100E76385 /* AUEffectBase.cpp */,
				2407D3D6116CE69100E76385 /* AUMIDIBase.cpp */,
				2407D3D8116CE69100E76385 /* AUMIDIEffectBase.cpp */,
				2407D3DA116CE69100E76385 /* AUOutputBase.cpp */,
				2407D3DE116CE69100E76385 /* MusicDeviceBase.cpp */,
				2407D3D5116CE69100E76385 /* AUEffectBase.h */,
				2407D3D7116CE69100E76385 /* AUMIDIBase.h */,
				2407D3D9116CE69100E76385 /* AUMIDIEffectBase.h */,
				2407D3DB116CE69100E76385 /* AUOutputBase.h */,
				2407D3DF116CE69100E76385 /* MusicDeviceBase.h */,
			);
			name = OtherBases;
			path = Extras/CoreAudio/AudioUnits/AUPublic/OtherBases;
			sourceTree = SYSTEM_DEVELOPER_DIR;
		};
		2407D3E0116CE69100E76385 /* Utility */ = {
			isa = PBXGroup;
			children = (
				2407D3E3116CE69100E76385 /* AUBuffer.cpp */,
				2407D3E5116CE69100E76385 /* AUDebugDispatcher.cpp */,
				2407D3E4116CE69100E76385 /* AUBuffer.h */,
				2407D3E6116CE69100E76385 /* AUDebugDispatcher.h */,
				2407D3E7116CE69100E76385 /* AUInputFormatConverter.h */,
				2407D3E8116CE69100E76385 /* AUSilentTimeout.h */,
				2407D3EA116CE69100E76385 /* AUTimestampGenerator.h */,
			);
			name = Utility;
			path = Extras/CoreAudio/AudioUnits/AUPublic/Utility;
			sourceTree = SYSTEM_DEVELOPER_DIR;
		};
		2407D3EB116CE6A700E76385 /* PublicUtility */ = {
			isa = PBXGroup;
			children = (
				2407D988116CF02200E76385 /* CAAudioChannelLayout.cpp */,
				2407D98A116CF02800E76385 /* CAAUParameter.cpp */,
				2407D98D116CF02800E76385 /* CAMutex.cpp */,
				2407D98F116CF02800E76385 /* CAStreamBasicDescription.cpp */,
				2407D991116CF02800E76385 /* CAVectorUnit.cpp */,
				2407D989116CF02800E76385 /* CAAudioChannelLayout.h */,
				2407D98B116CF02800E76385 /* CAAUParameter.h */,
				2407D98C116CF02800E76385 /* CADebugMacros.h */,
				2407D98E116CF02800E76385 /* CAMutex.h */,
				2407D990116CF02800E76385 /* CAStreamBasicDescription.h */,
				2407D992116CF02800E76385 /* CAVectorUnit.h */,
				2407D993116CF02800E76385 /* CAVectorUnitTypes.h */,
			);
			name = PublicUtility;
			path = Extras/CoreAudio/PublicUtility;
			sourceTree = SYSTEM_DEVELOPER_DIR;
		};
		2407D4C6116CEDFA00E76385 /* Juce */ = {
			isa = PBXGroup;
			children = (
				2407D4CF116CEE5C00E76385 /* juce_VST_Wrapper.cpp */,
				2407D4CC116CEE4500E76385 /* juce_AU_Wrapper.mm */,
				2407D4D0116CEE5C00E76385 /* juce_VST_Wrapper.mm */,
				2407D99D116CF10000E76385 /* JuceLibrarySource.mm */,
				2407D4CB116CEE4500E76385 /* juce_AU_Resources.r */,
			);
			name = Juce;
			path = "third-party/juce";
			sourceTree = "<group>";
		};
		24B6483C0A8347CE003CD819 /* AudioUnits */ = {
			isa = PBXGroup;
			children = (
				24B6483D0A8347CE003CD819 /* AUPublic */,
				2407D3EB116CE6A700E76385 /* PublicUtility */,
			);
			name = AudioUnits;
			path = Extras/CoreAudio/AudioUnits;
			sourceTree = SYSTEM_DEVELOPER_DIR;
		};
		24B6483D0A8347CE003CD819 /* AUPublic */ = {
			isa = PBXGroup;
			children = (
				2407D3B9116CE69100E76385 /* AUBase */,
				2407D3C7116CE69100E76385 /* AUCarbonViewBase */,
				2407D3D1116CE69100E76385 /* AUViewBase */,
				2407D3D3116CE69100E76385 /* OtherBases */,
				2407D3E0116CE69100E76385 /* Utility */,
			);
			path = AUPublic;
			sourceTree = "<group>";
		};
		24E44F5A0F9B46F5008F34CE /* VST SDK */ = {
			isa = PBXGroup;
			children = (
				2407D491116CE6D600E76385 /* aeffeditor.h */,
				2407D492116CE6D600E76385 /* audioeffect.h */,
				2407D493116CE6D600E76385 /* audioeffectx.h */,
			);
			name = "VST SDK";
			sourceTree = "<group>";
		};
		24FAB103117A3A9100DEEB7D /* PluginParameters */ = {
			isa = PBXGroup;
			children = (
				24E01459117A68B2002086AC /* BooleanParameter.cpp */,
				24E21079117A79AB00CF2C7E /* DecibelParameter.cpp */,
				24FAB104117A3AA000DEEB7D /* FloatingPointParameter.cpp */,
				24FAB106117A3AA000DEEB7D /* MapParameterSet.cpp */,
				24E0145A117A68B2002086AC /* BooleanParameter.h */,
				24E2107A117A79AB00CF2C7E /* DecibelParameter.h */,
				24FAB105117A3AA000DEEB7D /* FloatingPointParameter.h */,
				24FAB107117A3AA000DEEB7D /* MapParameterSet.h */,
				24E2107B117A79AB00CF2C7E /* NamedParameter.h */,
				24E2107C117A79AB00CF2C7E /* NumericParameter.h */,
				24FAB108117A3AA000DEEB7D /* PluginParameter.h */,
				24FAB109117A3AA000DEEB7D /* PluginParameterSet.h */,
			);
			name = PluginParameters;
			sourceTree = "<group>";
		};
/* End PBXGroup section */

/* Begin PBXNativeTarget section */
		246AF1EE0981856000CC729E /* BeatCounter */ = {
			isa = PBXNativeTarget;
			buildConfigurationList = 246AF1F10981856100CC729E /* Build configuration list for PBXNativeTarget "BeatCounter" */;
			buildPhases = (
				246AF1EB0981856000CC729E /* Resources */,
				246AF1EC0981856000CC729E /* Sources */,
				246AF1ED0981856000CC729E /* Frameworks */,
				246AF3F709818A4A00CC729E /* Rez */,
				241C9FAE0982598A00543042 /* Install Plugins */,
			);
			buildRules = (
			);
			dependencies = (
			);
			name = BeatCounter;
			productName = "BeatCounter-AU";
			productReference = 246AF1EF0981856000CC729E /* BeatCounter.component */;
			productType = "com.apple.product-type.bundle";
		};
/* End PBXNativeTarget section */

/* Begin PBXProject section */
		089C1669FE841209C02AAC07 /* Project object */ = {
			isa = PBXProject;
			buildConfigurationList = 24BEAAF108919AE700E695F9 /* Build configuration list for PBXProject "BeatCounter" */;
			compatibilityVersion = "Xcode 2.4";
			hasScannedForEncodings = 1;
			mainGroup = 089C166AFE841209C02AAC07 /* FM-Chopper */;
			projectDirPath = "";
			projectRoot = "";
			targets = (
				246AF1EE0981856000CC729E /* BeatCounter */,
			);
		};
/* End PBXProject section */

/* Begin PBXResourcesBuildPhase section */
		246AF1EB0981856000CC729E /* Resources */ = {
			isa = PBXResourcesBuildPhase;
			buildActionMask = 2147483647;
			files = (
			);
			runOnlyForDeploymentPostprocessing = 0;
		};
/* End PBXResourcesBuildPhase section */

/* Begin PBXRezBuildPhase section */
		246AF3F709818A4A00CC729E /* Rez */ = {
			isa = PBXRezBuildPhase;
			buildActionMask = 2147483647;
			files = (
				2407D4CD116CEE4500E76385 /* juce_AU_Resources.r in Rez */,
			);
			runOnlyForDeploymentPostprocessing = 0;
		};
/* End PBXRezBuildPhase section */

/* Begin PBXShellScriptBuildPhase section */
		241C9FAE0982598A00543042 /* Install Plugins */ = {
			isa = PBXShellScriptBuildPhase;
			buildActionMask = 2147483647;
			files = (
			);
			inputPaths = (
			);
			name = "Install Plugins";
			outputPaths = (
			);
			runOnlyForDeploymentPostprocessing = 0;
			shellPath = /bin/sh;
			shellScript = "\n# This script takes the build product and copies it to the AU, VST, and RTAS folders, depending on \n# which plugin types you've built\n\noriginal=$CONFIGURATION_BUILD_DIR/$FULL_PRODUCT_NAME\n\n# this looks inside the binary to detect which platforms are needed.. \ncopyAU=`nm -g \"$CONFIGURATION_BUILD_DIR/$EXECUTABLE_PATH\" | grep -i 'AudioUnit' | wc -l`\ncopyVST=`nm -g \"$CONFIGURATION_BUILD_DIR/$EXECUTABLE_PATH\" | grep -i 'VSTPlugin' | wc -l`\ncopyRTAS=`nm -g \"$CONFIGURATION_BUILD_DIR/$EXECUTABLE_PATH\" | grep -i 'CProcess' | wc -l`\n\nif [ $copyAU -gt 0 ]; then\n  echo \"Copying to AudioUnit folder...\"\n  AU=~/Library/Audio/Plug-Ins/Components/$PRODUCT_NAME.component\n  if [ -d \"$AU\" ]; then \n    rm -r \"$AU\"\n  fi\n\n  cp -r \"$original\" \"$AU\"\n  sed -i \"\" -e 's/TDMwPTul/BNDLPTul/g' \"$AU/Contents/PkgInfo\"\n  sed -i \"\" -e 's/TDMw/BNDL/g' \"$AU/Contents/Info.plist\"\nfi\n\nif [ $copyVST -gt 0 ]; then\n  echo \"Copying to VST folder...\"\n  VST=~/Library/Audio/Plug-Ins/VST/$PRODUCT_NAME.vst\n  if [ -d \"$VST\" ]; then \n    rm -r \"$VST\"\n  fi\n\n  cp -r \"$original\" \"$VST\"\n  sed -i \"\" -e 's/TDMwPTul/BNDLPTul/g' \"$VST/Contents/PkgInfo\"\n  sed -i \"\" -e 's/TDMw/BNDL/g' \"$VST/Contents/Info.plist\"\nfi\n\nif [ $copyRTAS -gt 0 ]; then\n  echo \"Copying to RTAS folder...\"\n  RTAS=/Library/Application\\ Support/Digidesign/Plug-Ins/$PRODUCT_NAME.dpm\n  if [ -d \"$RTAS\" ]; then\n    rm -r \"$RTAS\"\n  fi\n\n  cp -r \"$original\" \"$RTAS\"\nfi\n";
		};
/* End PBXShellScriptBuildPhase section */

/* Begin PBXSourcesBuildPhase section */
		246AF1EC0981856000CC729E /* Sources */ = {
			isa = PBXSourcesBuildPhase;
			buildActionMask = 2147483647;
			files = (
				2407D49F116CE85300E76385 /* BeatCounter.cpp in Sources */,
				2407D4CE116CEE4500E76385 /* juce_AU_Wrapper.mm in Sources */,
				2407D4D1116CEE5C00E76385 /* juce_VST_Wrapper.cpp in Sources */,
				2407D4D2116CEE5C00E76385 /* juce_VST_Wrapper.mm in Sources */,
				2407D99E116CF10000E76385 /* JuceLibrarySource.mm in Sources */,
				2407D9CE116CF55E00E76385 /* AUBase.cpp in Sources */,
				2407D9CF116CF55E00E76385 /* AUDispatch.cpp in Sources */,
				2407D9D0116CF55E00E76385 /* AUInputElement.cpp in Sources */,
				2407D9D1116CF55E00E76385 /* AUOutputElement.cpp in Sources */,
				2407D9D2116CF55E00E76385 /* AUScopeElement.cpp in Sources */,
				2407D9D3116CF55E00E76385 /* ComponentBase.cpp in Sources */,
				2407D9D4116CF56700E76385 /* AUCarbonViewBase.cpp in Sources */,
				2407D9D5116CF56700E76385 /* AUCarbonViewControl.cpp in Sources */,
				2407D9D6116CF56700E76385 /* AUCarbonViewDispatch.cpp in Sources */,
				2407D9D7116CF56700E76385 /* CarbonEventHandler.cpp in Sources */,
				2407D9D8116CF56F00E76385 /* AUEffectBase.cpp in Sources */,
				2407D9D9116CF56F00E76385 /* AUMIDIBase.cpp in Sources */,
				2407D9DA116CF56F00E76385 /* AUMIDIEffectBase.cpp in Sources */,
				2407D9DB116CF56F00E76385 /* AUOutputBase.cpp in Sources */,
				2407D9DC116CF56F00E76385 /* MusicDeviceBase.cpp in Sources */,
				2407D9DD116CF57400E76385 /* AUBuffer.cpp in Sources */,
				2407D9DE116CF57400E76385 /* AUDebugDispatcher.cpp in Sources */,
				2407D9DF116CF57A00E76385 /* CAAudioChannelLayout.cpp in Sources */,
				2407D9E0116CF57A00E76385 /* CAAUParameter.cpp in Sources */,
				2407D9E1116CF57A00E76385 /* CAMutex.cpp in Sources */,
				2407D9E2116CF57A00E76385 /* CAStreamBasicDescription.cpp in Sources */,
				2407D9E3116CF57A00E76385 /* CAVectorUnit.cpp in Sources */,
				2407DA9D116D224C00E76385 /* BeatCounterEditor.cpp in Sources */,
				240CE0BB116E71CA00015E9C /* RefreshTextLabelsTimer.cpp in Sources */,
				24FAB10A117A3AA000DEEB7D /* FloatingPointParameter.cpp in Sources */,
				24FAB10B117A3AA000DEEB7D /* MapParameterSet.cpp in Sources */,
				24FAB110117A3ACB00DEEB7D /* ParameterFactory.cpp in Sources */,
				24E0145B117A68B2002086AC /* BooleanParameter.cpp in Sources */,
				24E2107D117A79AB00CF2C7E /* DecibelParameter.cpp in Sources */,
			);
			runOnlyForDeploymentPostprocessing = 0;
		};
/* End PBXSourcesBuildPhase section */

/* Begin XCBuildConfiguration section */
		246AF1F20981856100CC729E /* Debug */ = {
			isa = XCBuildConfiguration;
			buildSettings = {
				ARCHS = "$(NATIVE_ARCH_ACTUAL)";
				COPY_PHASE_STRIP = NO;
				GCC_DYNAMIC_NO_PIC = NO;
				GCC_GENERATE_DEBUGGING_SYMBOLS = YES;
				GCC_MODEL_TUNING = G5;
				GCC_OPTIMIZATION_LEVEL = 0;
				GCC_PRECOMPILE_PREFIX_HEADER = YES;
				GCC_PREFIX_HEADER = ./mac/PrefixMac.h;
				GCC_PREPROCESSOR_DEFINITIONS = DEBUG;
				GENERATE_PKGINFO_FILE = YES;
				HEADER_SEARCH_PATHS = (
					"./third-party/juce",
					"./third-party/vstsdk2.4",
				);
				INFOPLIST_FILE = mac/Info.plist;
				MACOSX_DEPLOYMENT_TARGET = 10.5;
				OTHER_REZFLAGS = "-d ppc_$ppc -d i386_$i386 -I /System/Library/Frameworks/CoreServices.framework/Frameworks/CarbonCore.framework/Versions/A/Headers -I /Developer/Examples/CoreAudio/AudioUnits/AUPublic/AUBase -D  TARGET_REZ_MAC_PPC=1";
				PREBINDING = YES;
				PRODUCT_NAME = BeatCounter;
				REZ_PREPROCESSOR_DEFINITIONS = DEBUG;
				REZ_SEARCH_PATHS = (
					/System/Library/Frameworks/CoreServices.framework/Versions/CarbonCore.framework/Versions/A/Headers,
					/Developer/Examples/CoreAudio/AudioUnits/AUPublic/AUBase,
				);
				SDKROOT = /Developer/SDKs/MacOSX10.5.sdk;
				WARNING_CFLAGS = (
					"-Wmost",
					"-Wno-four-char-constants",
					"-Wno-unknown-pragmas",
				);
				WRAPPER_EXTENSION = component;
			};
			name = Debug;
		};
		246AF1F30981856100CC729E /* Release */ = {
			isa = XCBuildConfiguration;
			buildSettings = {
				ARCHS = "$(ARCHS_STANDARD_32_BIT_PRE_XCODE_3_1)";
				ARCHS_STANDARD_32_BIT_PRE_XCODE_3_1 = "ppc i386";
				COPY_PHASE_STRIP = YES;
				DEAD_CODE_STRIPPING = YES;
				DEPLOYMENT_POSTPROCESSING = YES;
				GCC_GENERATE_DEBUGGING_SYMBOLS = NO;
				GCC_MODEL_TUNING = G4;
				GCC_OPTIMIZATION_LEVEL = 3;
				GCC_PRECOMPILE_PREFIX_HEADER = YES;
				GCC_PREFIX_HEADER = ./mac/PrefixMac.h;
				GENERATE_PKGINFO_FILE = YES;
				HEADER_SEARCH_PATHS = (
					"./third-party/juce",
					"./third-party/vstsdk2.4",
				);
				INFOPLIST_FILE = mac/Info.plist;
				MACOSX_DEPLOYMENT_TARGET = 10.5;
				OTHER_REZFLAGS = "-d ppc_$ppc -d i386_$i386 -I /System/Library/Frameworks/CoreServices.framework/Frameworks/CarbonCore.framework/Versions/A/Headers -I /Developer/Examples/CoreAudio/AudioUnits/AUPublic/AUBase -D  TARGET_REZ_MAC_PPC=1";
				PREBINDING = YES;
				PRESERVE_DEAD_CODE_INITS_AND_TERMS = NO;
				PRODUCT_NAME = BeatCounter;
				REZ_SEARCH_PATHS = (
					/System/Library/Frameworks/CoreServices.framework/Versions/CarbonCore.framework/Versions/A/Headers,
					/Developer/Examples/CoreAudio/AudioUnits/AUPublic/AUBase,
				);
				SDKROOT = /Developer/SDKs/MacOSX10.5.sdk;
				STRIP_INSTALLED_PRODUCT = YES;
				WARNING_CFLAGS = (
					"-Wmost",
					"-Wno-four-char-constants",
					"-Wno-unknown-pragmas",
				);
				WRAPPER_EXTENSION = component;
			};
			name = Release;
		};
		24BEAAF208919AE700E695F9 /* Debug */ = {
			isa = XCBuildConfiguration;
			buildSettings = {
				ARCHS = "$(NATIVE_ARCH)";
				GCC_MODEL_TUNING = G5;
				GCC_OPTIMIZATION_LEVEL = 0;
				INFOPLIST_FILE = "";
				INFOPLIST_PREPROCESS = NO;
				MACOSX_DEPLOYMENT_TARGET = 10.3;
				REZ_PREPROCESSOR_DEFINITIONS = "DEBUG=1";
			};
			name = Debug;
		};
		24BEAAF308919AE700E695F9 /* Release */ = {
			isa = XCBuildConfiguration;
			buildSettings = {
				ARCHS = "$(ARCHS_STANDARD_32_BIT_PRE_XCODE_3_1)";
				ARCHS_STANDARD_32_BIT_PRE_XCODE_3_1 = "ppc i386";
				GCC_MODEL_TUNING = G5;
				GCC_OPTIMIZATION_LEVEL = 3;
				INFOPLIST_FILE = "";
				INFOPLIST_PREPROCESS = NO;
				MACOSX_DEPLOYMENT_TARGET = 10.3;
			};
			name = Release;
		};
/* End XCBuildConfiguration section */

/* Begin XCConfigurationList section */
		246AF1F10981856100CC729E /* Build configuration list for PBXNativeTarget "BeatCounter" */ = {
			isa = XCConfigurationList;
			buildConfigurations = (
				246AF1F20981856100CC729E /* Debug */,
				246AF1F30981856100CC729E /* Release */,
			);
			defaultConfigurationIsVisible = 0;
			defaultConfigurationName = Debug;
		};
		24BEAAF108919AE700E695F9 /* Build configuration list for PBXProject "BeatCounter" */ = {
			isa = XCConfigurationList;
			buildConfigurations = (
				24BEAAF208919AE700E695F9 /* Debug */,
				24BEAAF308919AE700E695F9 /* Release */,
			);
			defaultConfigurationIsVisible = 0;
			defaultConfigurationName = Debug;
		};
/* End XCConfigurationList section */
	};
	rootObject = 089C1669FE841209C02AAC07 /* Project object */;
}
